
Microsoft Visual Studio Solution File, Format Version 12.00
# Visual Studio Version 17
VisualStudioVersion = 17.4.33403.182
MinimumVisualStudioVersion = 10.0.40219.1
Project("{9A19103F-16F7-4668-BE54-9A1E7A4F7556}") = "AurumMarket.Domain", "AurumMarket.Domain\AurumMarket.Domain.csproj", "{8C0ED9DB-069D-4CAF-B092-FCC561B2221D}"
EndProject
Project("{9A19103F-16F7-4668-BE54-9A1E7A4F7556}") = "AurumMarket.EntityFramework", "AurumMarket.EntityFramework\AurumMarket.EntityFramework.csproj", "{5CC887BB-4BE3-41D4-B3CD-191702136840}"
EndProject
Project("{9A19103F-16F7-4668-BE54-9A1E7A4F7556}") = "TestApp", "TestApp\TestApp.csproj", "{5AF5D7F1-7929-4435-925B-4790CE1229BF}"
EndProject
Project("{9A19103F-16F7-4668-BE54-9A1E7A4F7556}") = "AurumMarket.WPF", "AurumMarket.WPF\AurumMarket.WPF.csproj", "{39E5BF20-AE71-489C-AC2F-EFFC865F7BBE}"
EndProject
Project("{FAE04EC0-301F-11D3-BF4B-00C04F79EFBC}") = "AurumMarket.MetalPriceAPI", "AurumMarket.MetalPriceAPI\AurumMarket.MetalPriceAPI.csproj", "{94255794-0DB0-470C-B11F-8C75D1533024}"
EndProject
Global
	GlobalSection(SolutionConfigurationPlatforms) = preSolution
		Debug|Any CPU = Debug|Any CPU
		Release|Any CPU = Release|Any CPU
	EndGlobalSection
	GlobalSection(ProjectConfigurationPlatforms) = postSolution
		{8C0ED9DB-069D-4CAF-B092-FCC561B2221D}.Debug|Any CPU.ActiveCfg = Debug|Any CPU
		{8C0ED9DB-069D-4CAF-B092-FCC561B2221D}.Debug|Any CPU.Build.0 = Debug|Any CPU
		{8C0ED9DB-069D-4CAF-B092-FCC561B2221D}.Release|Any CPU.ActiveCfg = Release|Any CPU
		{8C0ED9DB-069D-4CAF-B092-FCC561B2221D}.Release|Any CPU.Build.0 = Release|Any CPU
		{5CC887BB-4BE3-41D4-B3CD-191702136840}.Debug|Any CPU.ActiveCfg = Debug|Any CPU
		{5CC887BB-4BE3-41D4-B3CD-191702136840}.Debug|Any CPU.Build.0 = Debug|Any CPU
		{5CC887BB-4BE3-41D4-B3CD-191702136840}.Release|Any CPU.ActiveCfg = Release|Any CPU
		{5CC887BB-4BE3-41D4-B3CD-191702136840}.Release|Any CPU.Build.0 = Release|Any CPU
		{5AF5D7F1-7929-4435-925B-4790CE1229BF}.Debug|Any CPU.ActiveCfg = Debug|Any CPU
		{5AF5D7F1-7929-4435-925B-4790CE1229BF}.Debug|Any CPU.Build.0 = Debug|Any CPU
		{5AF5D7F1-7929-4435-925B-4790CE1229BF}.Release|Any CPU.ActiveCfg = Release|Any CPU
		{5AF5D7F1-7929-4435-925B-4790CE1229BF}.Release|Any CPU.Build.0 = Release|Any CPU
		{39E5BF20-AE71-489C-AC2F-EFFC865F7BBE}.Debug|Any CPU.ActiveCfg = Debug|Any CPU
		{39E5BF20-AE71-489C-AC2F-EFFC865F7BBE}.Debug|Any CPU.Build.0 = Debug|Any CPU
		{39E5BF20-AE71-489C-AC2F-EFFC865F7BBE}.Release|Any CPU.ActiveCfg = Release|Any CPU
		{39E5BF20-AE71-489C-AC2F-EFFC865F7BBE}.Release|Any CPU.Build.0 = Release|Any CPU
		{94255794-0DB0-470C-B11F-8C75D1533024}.Debug|Any CPU.ActiveCfg = Debug|Any CPU
		{94255794-0DB0-470C-B11F-8C75D1533024}.Debug|Any CPU.Build.0 = Debug|Any CPU
		{94255794-0DB0-470C-B11F-8C75D1533024}.Release|Any CPU.ActiveCfg = Release|Any CPU
		{94255794-0DB0-470C-B11F-8C75D1533024}.Release|Any CPU.Build.0 = Release|Any CPU
	EndGlobalSection
	GlobalSection(SolutionProperties) = preSolution
		HideSolutionNode = FALSE
	EndGlobalSection
	GlobalSection(ExtensibilityGlobals) = postSolution
		SolutionGuid = {6D0E3E27-3C72-4C67-9756-3F00C9131533}
	EndGlobalSection
EndGlobal
